
Microsoft Visual Studio Solution File, Format Version 12.00
# Visual Studio Version 16
VisualStudioVersion = 16.0.30011.22
MinimumVisualStudioVersion = 10.0.40219.1
Project("{FAE04EC0-301F-11D3-BF4B-00C04F79EFBC}") = "CRUDExersise", "CRUDExersise.csproj", "{996584BC-9575-4455-9054-8325663A98D0}"
EndProject
Global
	GlobalSection(SolutionConfigurationPlatforms) = preSolution
		Debug|Any CPU = Debug|Any CPU
		Release|Any CPU = Release|Any CPU
	EndGlobalSection
	GlobalSection(ProjectConfigurationPlatforms) = postSolution
		{996584BC-9575-4455-9054-8325663A98D0}.Debug|Any CPU.ActiveCfg = Debug|Any CPU
		{996584BC-9575-4455-9054-8325663A98D0}.Debug|Any CPU.Build.0 = Debug|Any CPU
		{996584BC-9575-4455-9054-8325663A98D0}.Release|Any CPU.ActiveCfg = Release|Any CPU
		{996584BC-9575-4455-9054-8325663A98D0}.Release|Any CPU.Build.0 = Release|Any CPU
	EndGlobalSection
	GlobalSection(SolutionProperties) = preSolution
		HideSolutionNode = FALSE
	EndGlobalSection
	GlobalSection(ExtensibilityGlobals) = postSolution
		SolutionGuid = {818D4708-6C2B-4682-9A1A-4399C2B05A43}
	EndGlobalSection
EndGlobal
